// !$*UTF8*$!
{
	archiveVersion = 1;
	classes = {
	};
	objectVersion = 70;
	objects = {

/* Begin PBXBuildFile section */
		C502237F2C9682CC0011FDE8 /* DataLoader.swift in Sources */ = {isa = PBXBuildFile; fileRef = C502237E2C9682CC0011FDE8 /* DataLoader.swift */; };
		C5399B5C2C9B3152003B0CF1 /* StorageSpaceType.swift in Sources */ = {isa = PBXBuildFile; fileRef = C5399B5B2C9B3152003B0CF1 /* StorageSpaceType.swift */; };
		C5399B5D2C9B3152003B0CF1 /* KitchenSpaceType.swift in Sources */ = {isa = PBXBuildFile; fileRef = C5399B562C9B3152003B0CF1 /* KitchenSpaceType.swift */; };
		C5399B5E2C9B3152003B0CF1 /* LivingRoomSpaceType.swift in Sources */ = {isa = PBXBuildFile; fileRef = C5399B572C9B3152003B0CF1 /* LivingRoomSpaceType.swift */; };
		C5399B5F2C9B3152003B0CF1 /* BathroomSpaceType.swift in Sources */ = {isa = PBXBuildFile; fileRef = C5399B522C9B3152003B0CF1 /* BathroomSpaceType.swift */; };
		C5399B602C9B3152003B0CF1 /* GarageSpaceType.swift in Sources */ = {isa = PBXBuildFile; fileRef = C5399B552C9B3152003B0CF1 /* GarageSpaceType.swift */; };
		C5399B612C9B3152003B0CF1 /* BedroomSpaceType.swift in Sources */ = {isa = PBXBuildFile; fileRef = C5399B532C9B3152003B0CF1 /* BedroomSpaceType.swift */; };
		C5399B622C9B3152003B0CF1 /* OfficeSpaceType.swift in Sources */ = {isa = PBXBuildFile; fileRef = C5399B582C9B3152003B0CF1 /* OfficeSpaceType.swift */; };
		C5399B632C9B3152003B0CF1 /* DiningRoomSpaceType.swift in Sources */ = {isa = PBXBuildFile; fileRef = C5399B542C9B3152003B0CF1 /* DiningRoomSpaceType.swift */; };
		C5399B642C9B3152003B0CF1 /* PlayroomSpaceType.swift in Sources */ = {isa = PBXBuildFile; fileRef = C5399B592C9B3152003B0CF1 /* PlayroomSpaceType.swift */; };
		C5399B9A2C9B338E003B0CF1 /* Protocols.swift in Sources */ = {isa = PBXBuildFile; fileRef = C5399B992C9B338E003B0CF1 /* Protocols.swift */; };
		C564B5D92C5BEFB500AA2A69 /* StartHereView.swift in Sources */ = {isa = PBXBuildFile; fileRef = C564B5D82C5BEFB500AA2A69 /* StartHereView.swift */; };
		C564B5DB2C5C5AF300AA2A69 /* Project.swift in Sources */ = {isa = PBXBuildFile; fileRef = C564B5DA2C5C5AF300AA2A69 /* Project.swift */; };
		C564B5E72C5ECBFC00AA2A69 /* ContentView.swift in Sources */ = {isa = PBXBuildFile; fileRef = C564B5E62C5ECBFC00AA2A69 /* ContentView.swift */; };
		C564B5E92C5EDFC900AA2A69 /* ProjectController.swift in Sources */ = {isa = PBXBuildFile; fileRef = C564B5E82C5EDFC900AA2A69 /* ProjectController.swift */; };
		C564B5F92C61C57700AA2A69 /* appDelegate.swift in Sources */ = {isa = PBXBuildFile; fileRef = C564B5F82C61C57700AA2A69 /* appDelegate.swift */; };
		C564B60D2C6317CE00AA2A69 /* Room.swift in Sources */ = {isa = PBXBuildFile; fileRef = C564B60C2C6317CE00AA2A69 /* Room.swift */; };
		C564B60F2C6317FF00AA2A69 /* Space.swift in Sources */ = {isa = PBXBuildFile; fileRef = C564B60E2C6317FF00AA2A69 /* Space.swift */; };
		C564B6112C63182400AA2A69 /* Subtask.swift in Sources */ = {isa = PBXBuildFile; fileRef = C564B6102C63182400AA2A69 /* Subtask.swift */; };
		C564B6132C63184500AA2A69 /* Minitask.swift in Sources */ = {isa = PBXBuildFile; fileRef = C564B6122C63184500AA2A69 /* Minitask.swift */; };
		C564B6152C631C8100AA2A69 /* SyncManager.swift in Sources */ = {isa = PBXBuildFile; fileRef = C564B6142C631C8100AA2A69 /* SyncManager.swift */; };
		C564B6222C686A1000AA2A69 /* BaseProjectsView.swift in Sources */ = {isa = PBXBuildFile; fileRef = C564B6212C686A1000AA2A69 /* BaseProjectsView.swift */; };
		C583EBC32C90035B00C2C8C1 /* CheckableItem.swift in Sources */ = {isa = PBXBuildFile; fileRef = C583EBC22C90035B00C2C8C1 /* CheckableItem.swift */; };
		C583EC392C92731D00C2C8C1 /* Progressable.swift in Sources */ = {isa = PBXBuildFile; fileRef = C583EC382C92731D00C2C8C1 /* Progressable.swift */; };
		C59E60842C84E53B00B77B26 /* ProjectType.swift in Sources */ = {isa = PBXBuildFile; fileRef = C59E60832C84E53B00B77B26 /* ProjectType.swift */; };
		C59E60862C84E68E00B77B26 /* RoomType.swift in Sources */ = {isa = PBXBuildFile; fileRef = C59E60852C84E68E00B77B26 /* RoomType.swift */; };
		C59E608A2C84F15400B77B26 /* SubTaskTypes.swift in Sources */ = {isa = PBXBuildFile; fileRef = C59E60892C84F15400B77B26 /* SubTaskTypes.swift */; };
		C59E608C2C84FB5100B77B26 /* MiniTaskTypes.swift in Sources */ = {isa = PBXBuildFile; fileRef = C59E608B2C84FB5100B77B26 /* MiniTaskTypes.swift */; };
		C59E60902C84FDFB00B77B26 /* BaseProjectsController.swift in Sources */ = {isa = PBXBuildFile; fileRef = C59E608F2C84FDFB00B77B26 /* BaseProjectsController.swift */; };
		C5A95DB32C5295CA00BD08A7 /* Assets.xcassets in Resources */ = {isa = PBXBuildFile; fileRef = C5A95DB22C5295CA00BD08A7 /* Assets.xcassets */; };
		C5A95DB62C5295CA00BD08A7 /* Preview Assets.xcassets in Resources */ = {isa = PBXBuildFile; fileRef = C5A95DB52C5295CA00BD08A7 /* Preview Assets.xcassets */; };
		C5A95DC02C5295CA00BD08A7 /* HappyOrganizedMeTests.swift in Sources */ = {isa = PBXBuildFile; fileRef = C5A95DBF2C5295CA00BD08A7 /* HappyOrganizedMeTests.swift */; };
		C5A95DCA2C5295CA00BD08A7 /* HappyOrganizedMeUITests.swift in Sources */ = {isa = PBXBuildFile; fileRef = C5A95DC92C5295CA00BD08A7 /* HappyOrganizedMeUITests.swift */; };
		C5A95DCC2C5295CA00BD08A7 /* HappyOrganizedMeUITestsLaunchTests.swift in Sources */ = {isa = PBXBuildFile; fileRef = C5A95DCB2C5295CA00BD08A7 /* HappyOrganizedMeUITestsLaunchTests.swift */; };
		C5B911C22C89542C00850F2E /* ProfileView.swift in Sources */ = {isa = PBXBuildFile; fileRef = C5B911C12C89542C00850F2E /* ProfileView.swift */; };
		C5DAD8AB2C6D865600477EB9 /* HappyOrganizedMeApp.swift in Sources */ = {isa = PBXBuildFile; fileRef = C5DAD8AA2C6D865600477EB9 /* HappyOrganizedMeApp.swift */; };
/* End PBXBuildFile section */

/* Begin PBXContainerItemProxy section */
		C5A95DBC2C5295CA00BD08A7 /* PBXContainerItemProxy */ = {
			isa = PBXContainerItemProxy;
			containerPortal = C5A95DA12C5295C800BD08A7 /* Project object */;
			proxyType = 1;
			remoteGlobalIDString = C5A95DA82C5295C800BD08A7;
			remoteInfo = HappyOrganizedMe;
		};
		C5A95DC62C5295CA00BD08A7 /* PBXContainerItemProxy */ = {
			isa = PBXContainerItemProxy;
			containerPortal = C5A95DA12C5295C800BD08A7 /* Project object */;
			proxyType = 1;
			remoteGlobalIDString = C5A95DA82C5295C800BD08A7;
			remoteInfo = HappyOrganizedMe;
		};
/* End PBXContainerItemProxy section */

/* Begin PBXFileReference section */
		C502237E2C9682CC0011FDE8 /* DataLoader.swift */ = {isa = PBXFileReference; lastKnownFileType = sourcecode.swift; path = DataLoader.swift; sourceTree = "<group>"; };
		C5399B522C9B3152003B0CF1 /* BathroomSpaceType.swift */ = {isa = PBXFileReference; lastKnownFileType = sourcecode.swift; path = BathroomSpaceType.swift; sourceTree = "<group>"; };
		C5399B532C9B3152003B0CF1 /* BedroomSpaceType.swift */ = {isa = PBXFileReference; lastKnownFileType = sourcecode.swift; path = BedroomSpaceType.swift; sourceTree = "<group>"; };
		C5399B542C9B3152003B0CF1 /* DiningRoomSpaceType.swift */ = {isa = PBXFileReference; lastKnownFileType = sourcecode.swift; path = DiningRoomSpaceType.swift; sourceTree = "<group>"; };
		C5399B552C9B3152003B0CF1 /* GarageSpaceType.swift */ = {isa = PBXFileReference; lastKnownFileType = sourcecode.swift; path = GarageSpaceType.swift; sourceTree = "<group>"; };
		C5399B562C9B3152003B0CF1 /* KitchenSpaceType.swift */ = {isa = PBXFileReference; lastKnownFileType = sourcecode.swift; path = KitchenSpaceType.swift; sourceTree = "<group>"; };
		C5399B572C9B3152003B0CF1 /* LivingRoomSpaceType.swift */ = {isa = PBXFileReference; lastKnownFileType = sourcecode.swift; path = LivingRoomSpaceType.swift; sourceTree = "<group>"; };
		C5399B582C9B3152003B0CF1 /* OfficeSpaceType.swift */ = {isa = PBXFileReference; lastKnownFileType = sourcecode.swift; path = OfficeSpaceType.swift; sourceTree = "<group>"; };
		C5399B592C9B3152003B0CF1 /* PlayroomSpaceType.swift */ = {isa = PBXFileReference; lastKnownFileType = sourcecode.swift; path = PlayroomSpaceType.swift; sourceTree = "<group>"; };
		C5399B5B2C9B3152003B0CF1 /* StorageSpaceType.swift */ = {isa = PBXFileReference; lastKnownFileType = sourcecode.swift; path = StorageSpaceType.swift; sourceTree = "<group>"; };
		C5399B992C9B338E003B0CF1 /* Protocols.swift */ = {isa = PBXFileReference; lastKnownFileType = sourcecode.swift; path = Protocols.swift; sourceTree = "<group>"; };
		C564B5D82C5BEFB500AA2A69 /* StartHereView.swift */ = {isa = PBXFileReference; lastKnownFileType = sourcecode.swift; name = StartHereView.swift; path = HappyOrganizedMe/Views/StartHereView.swift; sourceTree = SOURCE_ROOT; };
		C564B5DA2C5C5AF300AA2A69 /* Project.swift */ = {isa = PBXFileReference; lastKnownFileType = sourcecode.swift; name = Project.swift; path = HappyOrganizedMe/Models/Project.swift; sourceTree = SOURCE_ROOT; };
		C564B5E62C5ECBFC00AA2A69 /* ContentView.swift */ = {isa = PBXFileReference; lastKnownFileType = sourcecode.swift; path = ContentView.swift; sourceTree = "<group>"; };
		C564B5E82C5EDFC900AA2A69 /* ProjectController.swift */ = {isa = PBXFileReference; lastKnownFileType = sourcecode.swift; path = ProjectController.swift; sourceTree = "<group>"; };
		C564B5F82C61C57700AA2A69 /* appDelegate.swift */ = {isa = PBXFileReference; lastKnownFileType = sourcecode.swift; path = appDelegate.swift; sourceTree = "<group>"; };
		C564B60C2C6317CE00AA2A69 /* Room.swift */ = {isa = PBXFileReference; lastKnownFileType = sourcecode.swift; path = Room.swift; sourceTree = "<group>"; };
		C564B60E2C6317FF00AA2A69 /* Space.swift */ = {isa = PBXFileReference; lastKnownFileType = sourcecode.swift; path = Space.swift; sourceTree = "<group>"; };
		C564B6102C63182400AA2A69 /* Subtask.swift */ = {isa = PBXFileReference; lastKnownFileType = sourcecode.swift; path = Subtask.swift; sourceTree = "<group>"; };
		C564B6122C63184500AA2A69 /* Minitask.swift */ = {isa = PBXFileReference; lastKnownFileType = sourcecode.swift; path = Minitask.swift; sourceTree = "<group>"; };
		C564B6142C631C8100AA2A69 /* SyncManager.swift */ = {isa = PBXFileReference; lastKnownFileType = sourcecode.swift; path = SyncManager.swift; sourceTree = "<group>"; };
		C564B6212C686A1000AA2A69 /* BaseProjectsView.swift */ = {isa = PBXFileReference; lastKnownFileType = sourcecode.swift; path = BaseProjectsView.swift; sourceTree = "<group>"; };
		C583EBC22C90035B00C2C8C1 /* CheckableItem.swift */ = {isa = PBXFileReference; lastKnownFileType = sourcecode.swift; path = CheckableItem.swift; sourceTree = "<group>"; };
		C583EC382C92731D00C2C8C1 /* Progressable.swift */ = {isa = PBXFileReference; lastKnownFileType = sourcecode.swift; path = Progressable.swift; sourceTree = "<group>"; };
		C59E60832C84E53B00B77B26 /* ProjectType.swift */ = {isa = PBXFileReference; lastKnownFileType = sourcecode.swift; path = ProjectType.swift; sourceTree = "<group>"; };
		C59E60852C84E68E00B77B26 /* RoomType.swift */ = {isa = PBXFileReference; lastKnownFileType = sourcecode.swift; path = RoomType.swift; sourceTree = "<group>"; };
		C59E60892C84F15400B77B26 /* SubTaskTypes.swift */ = {isa = PBXFileReference; lastKnownFileType = sourcecode.swift; path = SubTaskTypes.swift; sourceTree = "<group>"; };
		C59E608B2C84FB5100B77B26 /* MiniTaskTypes.swift */ = {isa = PBXFileReference; lastKnownFileType = sourcecode.swift; path = MiniTaskTypes.swift; sourceTree = "<group>"; };
		C59E608F2C84FDFB00B77B26 /* BaseProjectsController.swift */ = {isa = PBXFileReference; lastKnownFileType = sourcecode.swift; path = BaseProjectsController.swift; sourceTree = "<group>"; };
		C5A95DA92C5295C800BD08A7 /* HappyOrganizedMe.app */ = {isa = PBXFileReference; explicitFileType = wrapper.application; includeInIndex = 0; path = HappyOrganizedMe.app; sourceTree = BUILT_PRODUCTS_DIR; };
		C5A95DB22C5295CA00BD08A7 /* Assets.xcassets */ = {isa = PBXFileReference; lastKnownFileType = folder.assetcatalog; path = Assets.xcassets; sourceTree = "<group>"; };
		C5A95DB52C5295CA00BD08A7 /* Preview Assets.xcassets */ = {isa = PBXFileReference; lastKnownFileType = folder.assetcatalog; path = "Preview Assets.xcassets"; sourceTree = "<group>"; };
		C5A95DBB2C5295CA00BD08A7 /* HappyOrganizedMeTests.xctest */ = {isa = PBXFileReference; explicitFileType = wrapper.cfbundle; includeInIndex = 0; path = HappyOrganizedMeTests.xctest; sourceTree = BUILT_PRODUCTS_DIR; };
		C5A95DBF2C5295CA00BD08A7 /* HappyOrganizedMeTests.swift */ = {isa = PBXFileReference; lastKnownFileType = sourcecode.swift; path = HappyOrganizedMeTests.swift; sourceTree = "<group>"; };
		C5A95DC52C5295CA00BD08A7 /* HappyOrganizedMeUITests.xctest */ = {isa = PBXFileReference; explicitFileType = wrapper.cfbundle; includeInIndex = 0; path = HappyOrganizedMeUITests.xctest; sourceTree = BUILT_PRODUCTS_DIR; };
		C5A95DC92C5295CA00BD08A7 /* HappyOrganizedMeUITests.swift */ = {isa = PBXFileReference; lastKnownFileType = sourcecode.swift; path = HappyOrganizedMeUITests.swift; sourceTree = "<group>"; };
		C5A95DCB2C5295CA00BD08A7 /* HappyOrganizedMeUITestsLaunchTests.swift */ = {isa = PBXFileReference; lastKnownFileType = sourcecode.swift; path = HappyOrganizedMeUITestsLaunchTests.swift; sourceTree = "<group>"; };
		C5AC38662CBB678400CA3311 /* Info.plist */ = {isa = PBXFileReference; lastKnownFileType = text.plist; path = Info.plist; sourceTree = "<group>"; };
		C5AC38672CBB67D100CA3311 /* HappyOrganizedMe.entitlements */ = {isa = PBXFileReference; lastKnownFileType = text.plist.entitlements; path = HappyOrganizedMe.entitlements; sourceTree = "<group>"; };
		C5B911C12C89542C00850F2E /* ProfileView.swift */ = {isa = PBXFileReference; lastKnownFileType = sourcecode.swift; path = ProfileView.swift; sourceTree = "<group>"; };
		C5DAD8AA2C6D865600477EB9 /* HappyOrganizedMeApp.swift */ = {isa = PBXFileReference; lastKnownFileType = sourcecode.swift; path = HappyOrganizedMeApp.swift; sourceTree = "<group>"; };
/* End PBXFileReference section */

/* Begin PBXFileSystemSynchronizedBuildFileExceptionSet section */
		C564B6072C63170100AA2A69 /* PBXFileSystemSynchronizedBuildFileExceptionSet */ = {
			isa = PBXFileSystemSynchronizedBuildFileExceptionSet;
			membershipExceptions = (
				MinitaskDetailView.swift,
				ProjectDetailView.swift,
				RoomDetailView.swift,
				SpaceDetailView.swift,
				SubtaskDetailView.swift,
			);
			target = C5A95DA82C5295C800BD08A7 /* HappyOrganizedMe */;
		};
		C564B60B2C63173E00AA2A69 /* PBXFileSystemSynchronizedBuildFileExceptionSet */ = {
			isa = PBXFileSystemSynchronizedBuildFileExceptionSet;
			membershipExceptions = (
				ABCsOfOrganizing.swift,
				Animated.swift,
				CardView.swift,
				CardViewInstances.swift,
				CustomViewsForItems.swift,
			);
			target = C5A95DA82C5295C800BD08A7 /* HappyOrganizedMe */;
		};
		C5DAD84F2C6BC16E00477EB9 /* PBXFileSystemSynchronizedBuildFileExceptionSet */ = {
			isa = PBXFileSystemSynchronizedBuildFileExceptionSet;
			membershipExceptions = (
				MinitaskSelectionView.swift,
				ProjectSelectionView.swift,
				RoomSelectionView.swift,
				SpaceSelectionView.swift,
				SubTaskSelectionView.swift,
			);
			target = C5A95DA82C5295C800BD08A7 /* HappyOrganizedMe */;
		};
/* End PBXFileSystemSynchronizedBuildFileExceptionSet section */

/* Begin PBXFileSystemSynchronizedRootGroup section */
		C564B6062C63170000AA2A69 /* DetailView */ = {isa = PBXFileSystemSynchronizedRootGroup; exceptions = (C564B6072C63170100AA2A69 /* PBXFileSystemSynchronizedBuildFileExceptionSet */, ); explicitFileTypes = {}; explicitFolders = (); path = DetailView; sourceTree = "<group>"; };
		C564B6082C63172100AA2A69 /* SelectionView */ = {isa = PBXFileSystemSynchronizedRootGroup; exceptions = (C5DAD84F2C6BC16E00477EB9 /* PBXFileSystemSynchronizedBuildFileExceptionSet */, ); explicitFileTypes = {}; explicitFolders = (); path = SelectionView; sourceTree = "<group>"; };
		C564B60A2C63173E00AA2A69 /* ListView  */ = {isa = PBXFileSystemSynchronizedRootGroup; exceptions = (C564B60B2C63173E00AA2A69 /* PBXFileSystemSynchronizedBuildFileExceptionSet */, ); explicitFileTypes = {}; explicitFolders = (); path = "ListView "; sourceTree = "<group>"; };
/* End PBXFileSystemSynchronizedRootGroup section */

/* Begin PBXFrameworksBuildPhase section */
		C5A95DA62C5295C800BD08A7 /* Frameworks */ = {
			isa = PBXFrameworksBuildPhase;
			buildActionMask = 2147483647;
			files = (
			);
			runOnlyForDeploymentPostprocessing = 0;
		};
		C5A95DB82C5295CA00BD08A7 /* Frameworks */ = {
			isa = PBXFrameworksBuildPhase;
			buildActionMask = 2147483647;
			files = (
			);
			runOnlyForDeploymentPostprocessing = 0;
		};
		C5A95DC22C5295CA00BD08A7 /* Frameworks */ = {
			isa = PBXFrameworksBuildPhase;
			buildActionMask = 2147483647;
			files = (
			);
			runOnlyForDeploymentPostprocessing = 0;
		};
/* End PBXFrameworksBuildPhase section */

/* Begin PBXGroup section */
		C59E60822C84E4F100B77B26 /* Data */ = {
			isa = PBXGroup;
			children = (
				C502237E2C9682CC0011FDE8 /* DataLoader.swift */,
				C59E608F2C84FDFB00B77B26 /* BaseProjectsController.swift */,
				C59E60832C84E53B00B77B26 /* ProjectType.swift */,
				C59E60852C84E68E00B77B26 /* RoomType.swift */,
				C5399B522C9B3152003B0CF1 /* BathroomSpaceType.swift */,
				C5399B532C9B3152003B0CF1 /* BedroomSpaceType.swift */,
				C5399B542C9B3152003B0CF1 /* DiningRoomSpaceType.swift */,
				C5399B552C9B3152003B0CF1 /* GarageSpaceType.swift */,
				C5399B562C9B3152003B0CF1 /* KitchenSpaceType.swift */,
				C5399B572C9B3152003B0CF1 /* LivingRoomSpaceType.swift */,
				C5399B582C9B3152003B0CF1 /* OfficeSpaceType.swift */,
				C5399B592C9B3152003B0CF1 /* PlayroomSpaceType.swift */,
				C5399B5B2C9B3152003B0CF1 /* StorageSpaceType.swift */,
				C59E60892C84F15400B77B26 /* SubTaskTypes.swift */,
				C59E608B2C84FB5100B77B26 /* MiniTaskTypes.swift */,
			);
			path = Data;
			sourceTree = "<group>";
		};
		C5A95DA02C5295C800BD08A7 = {
			isa = PBXGroup;
			children = (
				C5A95DAB2C5295C800BD08A7 /* HappyOrganizedMe */,
				C5A95DBE2C5295CA00BD08A7 /* HappyOrganizedMeTests */,
				C5A95DC82C5295CA00BD08A7 /* HappyOrganizedMeUITests */,
				C5A95DAA2C5295C800BD08A7 /* Products */,
			);
			sourceTree = "<group>";
		};
		C5A95DAA2C5295C800BD08A7 /* Products */ = {
			isa = PBXGroup;
			children = (
				C5A95DA92C5295C800BD08A7 /* HappyOrganizedMe.app */,
				C5A95DBB2C5295CA00BD08A7 /* HappyOrganizedMeTests.xctest */,
				C5A95DC52C5295CA00BD08A7 /* HappyOrganizedMeUITests.xctest */,
			);
			name = Products;
			sourceTree = "<group>";
		};
		C5A95DAB2C5295C800BD08A7 /* HappyOrganizedMe */ = {
			isa = PBXGroup;
			children = (
				C5AC38672CBB67D100CA3311 /* HappyOrganizedMe.entitlements */,
				C5AC38662CBB678400CA3311 /* Info.plist */,
				C5DAD8AA2C6D865600477EB9 /* HappyOrganizedMeApp.swift */,
				C564B5F82C61C57700AA2A69 /* appDelegate.swift */,
				C59E60822C84E4F100B77B26 /* Data */,
				C5DAD8AC2C6E59B700477EB9 /* Controllers */,
				C5A95DDB2C5296D300BD08A7 /* Views */,
				C5A95DD82C5295FF00BD08A7 /* Models */,
				C5B911B62C881EE100850F2E /* Utilities */,
				C5A95DB22C5295CA00BD08A7 /* Assets.xcassets */,
				C5A95DB42C5295CA00BD08A7 /* Preview Content */,
				C5399B992C9B338E003B0CF1 /* Protocols.swift */,
			);
			path = HappyOrganizedMe;
			sourceTree = "<group>";
		};
		C5A95DB42C5295CA00BD08A7 /* Preview Content */ = {
			isa = PBXGroup;
			children = (
				C5A95DB52C5295CA00BD08A7 /* Preview Assets.xcassets */,
			);
			path = "Preview Content";
			sourceTree = "<group>";
		};
		C5A95DBE2C5295CA00BD08A7 /* HappyOrganizedMeTests */ = {
			isa = PBXGroup;
			children = (
				C5A95DBF2C5295CA00BD08A7 /* HappyOrganizedMeTests.swift */,
			);
			path = HappyOrganizedMeTests;
			sourceTree = "<group>";
		};
		C5A95DC82C5295CA00BD08A7 /* HappyOrganizedMeUITests */ = {
			isa = PBXGroup;
			children = (
				C5A95DC92C5295CA00BD08A7 /* HappyOrganizedMeUITests.swift */,
				C5A95DCB2C5295CA00BD08A7 /* HappyOrganizedMeUITestsLaunchTests.swift */,
			);
			path = HappyOrganizedMeUITests;
			sourceTree = "<group>";
		};
		C5A95DD82C5295FF00BD08A7 /* Models */ = {
			isa = PBXGroup;
			children = (
				C564B5DA2C5C5AF300AA2A69 /* Project.swift */,
				C564B60C2C6317CE00AA2A69 /* Room.swift */,
				C564B60E2C6317FF00AA2A69 /* Space.swift */,
				C564B6102C63182400AA2A69 /* Subtask.swift */,
				C564B6122C63184500AA2A69 /* Minitask.swift */,
				C583EBC22C90035B00C2C8C1 /* CheckableItem.swift */,
			);
			path = Models;
			sourceTree = "<group>";
		};
		C5A95DDB2C5296D300BD08A7 /* Views */ = {
			isa = PBXGroup;
			children = (
				C564B5D82C5BEFB500AA2A69 /* StartHereView.swift */,
				C564B5E82C5EDFC900AA2A69 /* ProjectController.swift */,
				C564B5E62C5ECBFC00AA2A69 /* ContentView.swift */,
				C5B911C12C89542C00850F2E /* ProfileView.swift */,
				C564B6212C686A1000AA2A69 /* BaseProjectsView.swift */,
				C564B60A2C63173E00AA2A69 /* ListView  */,
				C564B6082C63172100AA2A69 /* SelectionView */,
				C564B6062C63170000AA2A69 /* DetailView */,
			);
			path = Views;
			sourceTree = "<group>";
		};
		C5B911B62C881EE100850F2E /* Utilities */ = {
			isa = PBXGroup;
			children = (
				C583EC382C92731D00C2C8C1 /* Progressable.swift */,
			);
			path = Utilities;
			sourceTree = "<group>";
		};
		C5DAD8AC2C6E59B700477EB9 /* Controllers */ = {
			isa = PBXGroup;
			children = (
				C564B6142C631C8100AA2A69 /* SyncManager.swift */,
			);
			path = Controllers;
			sourceTree = "<group>";
		};
/* End PBXGroup section */

/* Begin PBXNativeTarget section */
		C5A95DA82C5295C800BD08A7 /* HappyOrganizedMe */ = {
			isa = PBXNativeTarget;
			buildConfigurationList = C5A95DCF2C5295CA00BD08A7 /* Build configuration list for PBXNativeTarget "HappyOrganizedMe" */;
			buildPhases = (
				C5A95DA52C5295C800BD08A7 /* Sources */,
				C5A95DA62C5295C800BD08A7 /* Frameworks */,
				C5A95DA72C5295C800BD08A7 /* Resources */,
			);
			buildRules = (
			);
			dependencies = (
			);
			name = HappyOrganizedMe;
			productName = HappyOrganizedMe;
			productReference = C5A95DA92C5295C800BD08A7 /* HappyOrganizedMe.app */;
			productType = "com.apple.product-type.application";
		};
		C5A95DBA2C5295CA00BD08A7 /* HappyOrganizedMeTests */ = {
			isa = PBXNativeTarget;
			buildConfigurationList = C5A95DD22C5295CA00BD08A7 /* Build configuration list for PBXNativeTarget "HappyOrganizedMeTests" */;
			buildPhases = (
				C5A95DB72C5295CA00BD08A7 /* Sources */,
				C5A95DB82C5295CA00BD08A7 /* Frameworks */,
				C5A95DB92C5295CA00BD08A7 /* Resources */,
			);
			buildRules = (
			);
			dependencies = (
				C5A95DBD2C5295CA00BD08A7 /* PBXTargetDependency */,
			);
			name = HappyOrganizedMeTests;
			productName = HappyOrganizedMeTests;
			productReference = C5A95DBB2C5295CA00BD08A7 /* HappyOrganizedMeTests.xctest */;
			productType = "com.apple.product-type.bundle.unit-test";
		};
		C5A95DC42C5295CA00BD08A7 /* HappyOrganizedMeUITests */ = {
			isa = PBXNativeTarget;
			buildConfigurationList = C5A95DD52C5295CA00BD08A7 /* Build configuration list for PBXNativeTarget "HappyOrganizedMeUITests" */;
			buildPhases = (
				C5A95DC12C5295CA00BD08A7 /* Sources */,
				C5A95DC22C5295CA00BD08A7 /* Frameworks */,
				C5A95DC32C5295CA00BD08A7 /* Resources */,
			);
			buildRules = (
			);
			dependencies = (
				C5A95DC72C5295CA00BD08A7 /* PBXTargetDependency */,
			);
			name = HappyOrganizedMeUITests;
			productName = HappyOrganizedMeUITests;
			productReference = C5A95DC52C5295CA00BD08A7 /* HappyOrganizedMeUITests.xctest */;
			productType = "com.apple.product-type.bundle.ui-testing";
		};
/* End PBXNativeTarget section */

/* Begin PBXProject section */
		C5A95DA12C5295C800BD08A7 /* Project object */ = {
			isa = PBXProject;
			attributes = {
				BuildIndependentTargetsInParallel = 1;
				KnownAssetTags = (
					New,
				);
				LastSwiftUpdateCheck = 1600;
				LastUpgradeCheck = 1600;
				TargetAttributes = {
					C5A95DA82C5295C800BD08A7 = {
						CreatedOnToolsVersion = 16.0;
					};
					C5A95DBA2C5295CA00BD08A7 = {
						CreatedOnToolsVersion = 16.0;
						TestTargetID = C5A95DA82C5295C800BD08A7;
					};
					C5A95DC42C5295CA00BD08A7 = {
						CreatedOnToolsVersion = 16.0;
						TestTargetID = C5A95DA82C5295C800BD08A7;
					};
				};
			};
			buildConfigurationList = C5A95DA42C5295C800BD08A7 /* Build configuration list for PBXProject "HappyOrganizedMe" */;
			compatibilityVersion = "Xcode 15.0";
			developmentRegion = en;
			hasScannedForEncodings = 0;
			knownRegions = (
				en,
				Base,
			);
			mainGroup = C5A95DA02C5295C800BD08A7;
			productRefGroup = C5A95DAA2C5295C800BD08A7 /* Products */;
			projectDirPath = "";
			projectRoot = "";
			targets = (
				C5A95DA82C5295C800BD08A7 /* HappyOrganizedMe */,
				C5A95DBA2C5295CA00BD08A7 /* HappyOrganizedMeTests */,
				C5A95DC42C5295CA00BD08A7 /* HappyOrganizedMeUITests */,
			);
		};
/* End PBXProject section */

/* Begin PBXResourcesBuildPhase section */
		C5A95DA72C5295C800BD08A7 /* Resources */ = {
			isa = PBXResourcesBuildPhase;
			buildActionMask = 2147483647;
			files = (
				C5A95DB62C5295CA00BD08A7 /* Preview Assets.xcassets in Resources */,
				C5A95DB32C5295CA00BD08A7 /* Assets.xcassets in Resources */,
			);
			runOnlyForDeploymentPostprocessing = 0;
		};
		C5A95DB92C5295CA00BD08A7 /* Resources */ = {
			isa = PBXResourcesBuildPhase;
			buildActionMask = 2147483647;
			files = (
			);
			runOnlyForDeploymentPostprocessing = 0;
		};
		C5A95DC32C5295CA00BD08A7 /* Resources */ = {
			isa = PBXResourcesBuildPhase;
			buildActionMask = 2147483647;
			files = (
			);
			runOnlyForDeploymentPostprocessing = 0;
		};
/* End PBXResourcesBuildPhase section */

/* Begin PBXSourcesBuildPhase section */
		C5A95DA52C5295C800BD08A7 /* Sources */ = {
			isa = PBXSourcesBuildPhase;
			buildActionMask = 2147483647;
			files = (
				C502237F2C9682CC0011FDE8 /* DataLoader.swift in Sources */,
				C564B6152C631C8100AA2A69 /* SyncManager.swift in Sources */,
				C5399B9A2C9B338E003B0CF1 /* Protocols.swift in Sources */,
				C5399B5C2C9B3152003B0CF1 /* StorageSpaceType.swift in Sources */,
				C5399B5D2C9B3152003B0CF1 /* KitchenSpaceType.swift in Sources */,
				C5399B5E2C9B3152003B0CF1 /* LivingRoomSpaceType.swift in Sources */,
				C5399B5F2C9B3152003B0CF1 /* BathroomSpaceType.swift in Sources */,
				C5399B602C9B3152003B0CF1 /* GarageSpaceType.swift in Sources */,
				C5399B612C9B3152003B0CF1 /* BedroomSpaceType.swift in Sources */,
				C5399B622C9B3152003B0CF1 /* OfficeSpaceType.swift in Sources */,
				C5399B632C9B3152003B0CF1 /* DiningRoomSpaceType.swift in Sources */,
				C5399B642C9B3152003B0CF1 /* PlayroomSpaceType.swift in Sources */,
				C564B5D92C5BEFB500AA2A69 /* StartHereView.swift in Sources */,
				C5B911C22C89542C00850F2E /* ProfileView.swift in Sources */,
				C564B60F2C6317FF00AA2A69 /* Space.swift in Sources */,
				C564B6132C63184500AA2A69 /* Minitask.swift in Sources */,
				C564B5E72C5ECBFC00AA2A69 /* ContentView.swift in Sources */,
				C59E608A2C84F15400B77B26 /* SubTaskTypes.swift in Sources */,
				C59E608C2C84FB5100B77B26 /* MiniTaskTypes.swift in Sources */,
				C59E60862C84E68E00B77B26 /* RoomType.swift in Sources */,
				C564B5F92C61C57700AA2A69 /* appDelegate.swift in Sources */,
				C59E60842C84E53B00B77B26 /* ProjectType.swift in Sources */,
				C59E60902C84FDFB00B77B26 /* BaseProjectsController.swift in Sources */,
				C564B60D2C6317CE00AA2A69 /* Room.swift in Sources */,
				C564B5E92C5EDFC900AA2A69 /* ProjectController.swift in Sources */,
				C564B6112C63182400AA2A69 /* Subtask.swift in Sources */,
				C564B5DB2C5C5AF300AA2A69 /* Project.swift in Sources */,
				C583EC392C92731D00C2C8C1 /* Progressable.swift in Sources */,
				C5DAD8AB2C6D865600477EB9 /* HappyOrganizedMeApp.swift in Sources */,
				C564B6222C686A1000AA2A69 /* BaseProjectsView.swift in Sources */,
				C583EBC32C90035B00C2C8C1 /* CheckableItem.swift in Sources */,
			);
			runOnlyForDeploymentPostprocessing = 0;
		};
		C5A95DB72C5295CA00BD08A7 /* Sources */ = {
			isa = PBXSourcesBuildPhase;
			buildActionMask = 2147483647;
			files = (
				C5A95DC02C5295CA00BD08A7 /* HappyOrganizedMeTests.swift in Sources */,
			);
			runOnlyForDeploymentPostprocessing = 0;
		};
		C5A95DC12C5295CA00BD08A7 /* Sources */ = {
			isa = PBXSourcesBuildPhase;
			buildActionMask = 2147483647;
			files = (
				C5A95DCA2C5295CA00BD08A7 /* HappyOrganizedMeUITests.swift in Sources */,
				C5A95DCC2C5295CA00BD08A7 /* HappyOrganizedMeUITestsLaunchTests.swift in Sources */,
			);
			runOnlyForDeploymentPostprocessing = 0;
		};
/* End PBXSourcesBuildPhase section */

/* Begin PBXTargetDependency section */
		C5A95DBD2C5295CA00BD08A7 /* PBXTargetDependency */ = {
			isa = PBXTargetDependency;
			target = C5A95DA82C5295C800BD08A7 /* HappyOrganizedMe */;
			targetProxy = C5A95DBC2C5295CA00BD08A7 /* PBXContainerItemProxy */;
		};
		C5A95DC72C5295CA00BD08A7 /* PBXTargetDependency */ = {
			isa = PBXTargetDependency;
			target = C5A95DA82C5295C800BD08A7 /* HappyOrganizedMe */;
			targetProxy = C5A95DC62C5295CA00BD08A7 /* PBXContainerItemProxy */;
		};
/* End PBXTargetDependency section */

/* Begin XCBuildConfiguration section */
		C5A95DCD2C5295CA00BD08A7 /* Debug */ = {
			isa = XCBuildConfiguration;
			buildSettings = {
				ALWAYS_SEARCH_USER_PATHS = NO;
				ASSETCATALOG_COMPILER_GENERATE_SWIFT_ASSET_SYMBOL_EXTENSIONS = YES;
				CLANG_ANALYZER_NONNULL = YES;
				CLANG_ANALYZER_NUMBER_OBJECT_CONVERSION = YES_AGGRESSIVE;
				CLANG_CXX_LANGUAGE_STANDARD = "gnu++20";
				CLANG_ENABLE_MODULES = YES;
				CLANG_ENABLE_OBJC_ARC = YES;
				CLANG_ENABLE_OBJC_WEAK = YES;
				CLANG_WARN_BLOCK_CAPTURE_AUTORELEASING = YES;
				CLANG_WARN_BOOL_CONVERSION = YES;
				CLANG_WARN_COMMA = YES;
				CLANG_WARN_CONSTANT_CONVERSION = YES;
				CLANG_WARN_DEPRECATED_OBJC_IMPLEMENTATIONS = YES;
				CLANG_WARN_DIRECT_OBJC_ISA_USAGE = YES_ERROR;
				CLANG_WARN_DOCUMENTATION_COMMENTS = YES;
				CLANG_WARN_EMPTY_BODY = YES;
				CLANG_WARN_ENUM_CONVERSION = YES;
				CLANG_WARN_INFINITE_RECURSION = YES;
				CLANG_WARN_INT_CONVERSION = YES;
				CLANG_WARN_NON_LITERAL_NULL_CONVERSION = YES;
				CLANG_WARN_OBJC_IMPLICIT_RETAIN_SELF = YES;
				CLANG_WARN_OBJC_LITERAL_CONVERSION = YES;
				CLANG_WARN_OBJC_ROOT_CLASS = YES_ERROR;
				CLANG_WARN_QUOTED_INCLUDE_IN_FRAMEWORK_HEADER = YES;
				CLANG_WARN_RANGE_LOOP_ANALYSIS = YES;
				CLANG_WARN_STRICT_PROTOTYPES = YES;
				CLANG_WARN_SUSPICIOUS_MOVE = YES;
				CLANG_WARN_UNGUARDED_AVAILABILITY = YES_AGGRESSIVE;
				CLANG_WARN_UNREACHABLE_CODE = YES;
				CLANG_WARN__DUPLICATE_METHOD_MATCH = YES;
				COPY_PHASE_STRIP = NO;
				DEBUG_INFORMATION_FORMAT = dwarf;
				ENABLE_STRICT_OBJC_MSGSEND = YES;
				ENABLE_TESTABILITY = YES;
				ENABLE_USER_SCRIPT_SANDBOXING = YES;
				GCC_C_LANGUAGE_STANDARD = gnu17;
				GCC_DYNAMIC_NO_PIC = NO;
				GCC_NO_COMMON_BLOCKS = YES;
				GCC_OPTIMIZATION_LEVEL = 0;
				GCC_PREPROCESSOR_DEFINITIONS = (
					"DEBUG=1",
					"$(inherited)",
				);
				GCC_WARN_64_TO_32_BIT_CONVERSION = YES;
				GCC_WARN_ABOUT_RETURN_TYPE = YES_ERROR;
				GCC_WARN_UNDECLARED_SELECTOR = YES;
				GCC_WARN_UNINITIALIZED_AUTOS = YES_AGGRESSIVE;
				GCC_WARN_UNUSED_FUNCTION = YES;
				GCC_WARN_UNUSED_VARIABLE = YES;
				IPHONEOS_DEPLOYMENT_TARGET = 18.0;
				LOCALIZATION_PREFERS_STRING_CATALOGS = YES;
				MTL_ENABLE_DEBUG_INFO = INCLUDE_SOURCE;
				MTL_FAST_MATH = YES;
				ONLY_ACTIVE_ARCH = YES;
				SDKROOT = iphoneos;
				SWIFT_ACTIVE_COMPILATION_CONDITIONS = "DEBUG $(inherited)";
				SWIFT_OPTIMIZATION_LEVEL = "-Onone";
			};
			name = Debug;
		};
		C5A95DCE2C5295CA00BD08A7 /* Release */ = {
			isa = XCBuildConfiguration;
			buildSettings = {
				ALWAYS_SEARCH_USER_PATHS = NO;
				ASSETCATALOG_COMPILER_GENERATE_SWIFT_ASSET_SYMBOL_EXTENSIONS = YES;
				CLANG_ANALYZER_NONNULL = YES;
				CLANG_ANALYZER_NUMBER_OBJECT_CONVERSION = YES_AGGRESSIVE;
				CLANG_CXX_LANGUAGE_STANDARD = "gnu++20";
				CLANG_ENABLE_MODULES = YES;
				CLANG_ENABLE_OBJC_ARC = YES;
				CLANG_ENABLE_OBJC_WEAK = YES;
				CLANG_WARN_BLOCK_CAPTURE_AUTORELEASING = YES;
				CLANG_WARN_BOOL_CONVERSION = YES;
				CLANG_WARN_COMMA = YES;
				CLANG_WARN_CONSTANT_CONVERSION = YES;
				CLANG_WARN_DEPRECATED_OBJC_IMPLEMENTATIONS = YES;
				CLANG_WARN_DIRECT_OBJC_ISA_USAGE = YES_ERROR;
				CLANG_WARN_DOCUMENTATION_COMMENTS = YES;
				CLANG_WARN_EMPTY_BODY = YES;
				CLANG_WARN_ENUM_CONVERSION = YES;
				CLANG_WARN_INFINITE_RECURSION = YES;
				CLANG_WARN_INT_CONVERSION = YES;
				CLANG_WARN_NON_LITERAL_NULL_CONVERSION = YES;
				CLANG_WARN_OBJC_IMPLICIT_RETAIN_SELF = YES;
				CLANG_WARN_OBJC_LITERAL_CONVERSION = YES;
				CLANG_WARN_OBJC_ROOT_CLASS = YES_ERROR;
				CLANG_WARN_QUOTED_INCLUDE_IN_FRAMEWORK_HEADER = YES;
				CLANG_WARN_RANGE_LOOP_ANALYSIS = YES;
				CLANG_WARN_STRICT_PROTOTYPES = YES;
				CLANG_WARN_SUSPICIOUS_MOVE = YES;
				CLANG_WARN_UNGUARDED_AVAILABILITY = YES_AGGRESSIVE;
				CLANG_WARN_UNREACHABLE_CODE = YES;
				CLANG_WARN__DUPLICATE_METHOD_MATCH = YES;
				COPY_PHASE_STRIP = NO;
				DEBUG_INFORMATION_FORMAT = "dwarf-with-dsym";
				ENABLE_NS_ASSERTIONS = NO;
				ENABLE_STRICT_OBJC_MSGSEND = YES;
				ENABLE_USER_SCRIPT_SANDBOXING = YES;
				GCC_C_LANGUAGE_STANDARD = gnu17;
				GCC_NO_COMMON_BLOCKS = YES;
				GCC_WARN_64_TO_32_BIT_CONVERSION = YES;
				GCC_WARN_ABOUT_RETURN_TYPE = YES_ERROR;
				GCC_WARN_UNDECLARED_SELECTOR = YES;
				GCC_WARN_UNINITIALIZED_AUTOS = YES_AGGRESSIVE;
				GCC_WARN_UNUSED_FUNCTION = YES;
				GCC_WARN_UNUSED_VARIABLE = YES;
				IPHONEOS_DEPLOYMENT_TARGET = 18.0;
				LOCALIZATION_PREFERS_STRING_CATALOGS = YES;
				MTL_ENABLE_DEBUG_INFO = NO;
				MTL_FAST_MATH = YES;
				ONLY_ACTIVE_ARCH = YES;
				SDKROOT = iphoneos;
				SWIFT_COMPILATION_MODE = wholemodule;
				VALIDATE_PRODUCT = YES;
			};
			name = Release;
		};
		C5A95DD02C5295CA00BD08A7 /* Debug */ = {
			isa = XCBuildConfiguration;
			buildSettings = {
				ALLOW_TARGET_PLATFORM_SPECIALIZATION = NO;
				ASSETCATALOG_COMPILER_APPICON_NAME = AppIcon;
				ASSETCATALOG_COMPILER_GLOBAL_ACCENT_COLOR_NAME = AccentColor;
				ASSETCATALOG_COMPILER_INCLUDE_ALL_APPICON_ASSETS = YES;
				CODE_SIGN_ENTITLEMENTS = HappyOrganizedMe/HappyOrganizedMe.entitlements;
				CODE_SIGN_IDENTITY = "Apple Development";
				CODE_SIGN_STYLE = Automatic;
				CURRENT_PROJECT_VERSION = 5;
				DEVELOPMENT_ASSET_PATHS = "\"HappyOrganizedMe/Preview Content\"";
				DEVELOPMENT_TEAM = YV8MV5VC77;
				ENABLE_PREVIEWS = YES;
				GENERATE_INFOPLIST_FILE = YES;
				INFOPLIST_FILE = HappyOrganizedMe/Info.plist;
				INFOPLIST_KEY_CFBundleDisplayName = HOME;
				INFOPLIST_KEY_LSApplicationCategoryType = "public.app-category.productivity";
				INFOPLIST_KEY_UIApplicationSceneManifest_Generation = YES;
				INFOPLIST_KEY_UIApplicationSupportsIndirectInputEvents = YES;
				INFOPLIST_KEY_UILaunchScreen_Generation = YES;
				INFOPLIST_KEY_UIRequiresFullScreen = NO;
				INFOPLIST_KEY_UISupportedInterfaceOrientations = "UIInterfaceOrientationLandscapeLeft UIInterfaceOrientationLandscapeRight UIInterfaceOrientationPortrait UIInterfaceOrientationPortraitUpsideDown";
				LD_RUNPATH_SEARCH_PATHS = (
					"$(inherited)",
					"@executable_path/Frameworks",
				);
				MARKETING_VERSION = 1.5;
				PRODUCT_BUNDLE_IDENTIFIER = com.DeseretBaker.HappyOrganizedMe;
				PRODUCT_NAME = "$(TARGET_NAME)";
				PROVISIONING_PROFILE_SPECIFIER = "";
				SUPPORTED_PLATFORMS = "iphoneos iphonesimulator";
				SUPPORTS_MACCATALYST = NO;
				SUPPORTS_MAC_DESIGNED_FOR_IPHONE_IPAD = NO;
				SUPPORTS_XR_DESIGNED_FOR_IPHONE_IPAD = NO;
				SWIFT_EMIT_LOC_STRINGS = YES;
				SWIFT_VERSION = 5.0;
				TARGETED_DEVICE_FAMILY = 1;
			};
			name = Debug;
		};
		C5A95DD12C5295CA00BD08A7 /* Release */ = {
			isa = XCBuildConfiguration;
			buildSettings = {
				ALLOW_TARGET_PLATFORM_SPECIALIZATION = NO;
				ASSETCATALOG_COMPILER_APPICON_NAME = AppIcon;
				ASSETCATALOG_COMPILER_GLOBAL_ACCENT_COLOR_NAME = AccentColor;
				ASSETCATALOG_COMPILER_INCLUDE_ALL_APPICON_ASSETS = YES;
				CODE_SIGN_ENTITLEMENTS = HappyOrganizedMe/HappyOrganizedMe.entitlements;
				CODE_SIGN_IDENTITY = "Apple Development";
				CODE_SIGN_STYLE = Automatic;
				CURRENT_PROJECT_VERSION = 5;
				DEVELOPMENT_ASSET_PATHS = "\"HappyOrganizedMe/Preview Content\"";
				DEVELOPMENT_TEAM = YV8MV5VC77;
				ENABLE_PREVIEWS = YES;
				GENERATE_INFOPLIST_FILE = YES;
				INFOPLIST_FILE = HappyOrganizedMe/Info.plist;
				INFOPLIST_KEY_CFBundleDisplayName = HOME;
				INFOPLIST_KEY_LSApplicationCategoryType = "public.app-category.productivity";
				INFOPLIST_KEY_UIApplicationSceneManifest_Generation = YES;
				INFOPLIST_KEY_UIApplicationSupportsIndirectInputEvents = YES;
				INFOPLIST_KEY_UILaunchScreen_Generation = YES;
				INFOPLIST_KEY_UIRequiresFullScreen = NO;
				INFOPLIST_KEY_UISupportedInterfaceOrientations = "UIInterfaceOrientationLandscapeLeft UIInterfaceOrientationLandscapeRight UIInterfaceOrientationPortrait UIInterfaceOrientationPortraitUpsideDown";
				LD_RUNPATH_SEARCH_PATHS = (
					"$(inherited)",
					"@executable_path/Frameworks",
				);
				MARKETING_VERSION = 1.5;
				PRODUCT_BUNDLE_IDENTIFIER = com.DeseretBaker.HappyOrganizedMe;
				PRODUCT_NAME = "$(TARGET_NAME)";
				PROVISIONING_PROFILE_SPECIFIER = "";
				SUPPORTED_PLATFORMS = "iphoneos iphonesimulator";
				SUPPORTS_MACCATALYST = NO;
				SUPPORTS_MAC_DESIGNED_FOR_IPHONE_IPAD = NO;
				SUPPORTS_XR_DESIGNED_FOR_IPHONE_IPAD = NO;
				SWIFT_EMIT_LOC_STRINGS = YES;
				SWIFT_VERSION = 5.0;
				TARGETED_DEVICE_FAMILY = 1;
			};
			name = Release;
		};
		C5A95DD32C5295CA00BD08A7 /* Debug */ = {
			isa = XCBuildConfiguration;
			buildSettings = {
				BUNDLE_LOADER = "$(TEST_HOST)";
				CODE_SIGN_STYLE = Automatic;
				CURRENT_PROJECT_VERSION = 1;
				DEVELOPMENT_TEAM = YV8MV5VC77;
				GENERATE_INFOPLIST_FILE = YES;
				IPHONEOS_DEPLOYMENT_TARGET = 18.0;
				MARKETING_VERSION = 1.0;
				PRODUCT_BUNDLE_IDENTIFIER = com.DeseretBaker.HappyOrganizedMeTests;
				PRODUCT_NAME = "$(TARGET_NAME)";
				SWIFT_EMIT_LOC_STRINGS = NO;
				SWIFT_VERSION = 5.0;
				TARGETED_DEVICE_FAMILY = "1,2";
				TEST_HOST = "$(BUILT_PRODUCTS_DIR)/HappyOrganizedMe.app/$(BUNDLE_EXECUTABLE_FOLDER_PATH)/HappyOrganizedMe";
			};
			name = Debug;
		};
		C5A95DD42C5295CA00BD08A7 /* Release */ = {
			isa = XCBuildConfiguration;
			buildSettings = {
				BUNDLE_LOADER = "$(TEST_HOST)";
				CODE_SIGN_STYLE = Automatic;
				CURRENT_PROJECT_VERSION = 1;
				DEVELOPMENT_TEAM = YV8MV5VC77;
				GENERATE_INFOPLIST_FILE = YES;
				IPHONEOS_DEPLOYMENT_TARGET = 18.0;
				MARKETING_VERSION = 1.0;
				PRODUCT_BUNDLE_IDENTIFIER = com.DeseretBaker.HappyOrganizedMeTests;
				PRODUCT_NAME = "$(TARGET_NAME)";
				SWIFT_EMIT_LOC_STRINGS = NO;
				SWIFT_VERSION = 5.0;
				TARGETED_DEVICE_FAMILY = "1,2";
				TEST_HOST = "$(BUILT_PRODUCTS_DIR)/HappyOrganizedMe.app/$(BUNDLE_EXECUTABLE_FOLDER_PATH)/HappyOrganizedMe";
			};
			name = Release;
		};
		C5A95DD62C5295CA00BD08A7 /* Debug */ = {
			isa = XCBuildConfiguration;
			buildSettings = {
				CODE_SIGN_STYLE = Automatic;
				CURRENT_PROJECT_VERSION = 1;
				DEVELOPMENT_TEAM = YV8MV5VC77;
				GENERATE_INFOPLIST_FILE = YES;
				MARKETING_VERSION = 1.0;
				PRODUCT_BUNDLE_IDENTIFIER = com.DeseretBaker.HappyOrganizedMeUITests;
				PRODUCT_NAME = "$(TARGET_NAME)";
				SWIFT_EMIT_LOC_STRINGS = NO;
				SWIFT_VERSION = 5.0;
				TARGETED_DEVICE_FAMILY = "1,2";
				TEST_TARGET_NAME = HappyOrganizedMe;
			};
			name = Debug;
		};
		C5A95DD72C5295CA00BD08A7 /* Release */ = {
			isa = XCBuildConfiguration;
			buildSettings = {
				CODE_SIGN_STYLE = Automatic;
				CURRENT_PROJECT_VERSION = 1;
				DEVELOPMENT_TEAM = YV8MV5VC77;
				GENERATE_INFOPLIST_FILE = YES;
				MARKETING_VERSION = 1.0;
				PRODUCT_BUNDLE_IDENTIFIER = com.DeseretBaker.HappyOrganizedMeUITests;
				PRODUCT_NAME = "$(TARGET_NAME)";
				SWIFT_EMIT_LOC_STRINGS = NO;
				SWIFT_VERSION = 5.0;
				TARGETED_DEVICE_FAMILY = "1,2";
				TEST_TARGET_NAME = HappyOrganizedMe;
			};
			name = Release;
		};
/* End XCBuildConfiguration section */

/* Begin XCConfigurationList section */
		C5A95DA42C5295C800BD08A7 /* Build configuration list for PBXProject "HappyOrganizedMe" */ = {
			isa = XCConfigurationList;
			buildConfigurations = (
				C5A95DCD2C5295CA00BD08A7 /* Debug */,
				C5A95DCE2C5295CA00BD08A7 /* Release */,
			);
			defaultConfigurationIsVisible = 0;
			defaultConfigurationName = Release;
		};
		C5A95DCF2C5295CA00BD08A7 /* Build configuration list for PBXNativeTarget "HappyOrganizedMe" */ = {
			isa = XCConfigurationList;
			buildConfigurations = (
				C5A95DD02C5295CA00BD08A7 /* Debug */,
				C5A95DD12C5295CA00BD08A7 /* Release */,
			);
			defaultConfigurationIsVisible = 0;
			defaultConfigurationName = Release;
		};
		C5A95DD22C5295CA00BD08A7 /* Build configuration list for PBXNativeTarget "HappyOrganizedMeTests" */ = {
			isa = XCConfigurationList;
			buildConfigurations = (
				C5A95DD32C5295CA00BD08A7 /* Debug */,
				C5A95DD42C5295CA00BD08A7 /* Release */,
			);
			defaultConfigurationIsVisible = 0;
			defaultConfigurationName = Release;
		};
		C5A95DD52C5295CA00BD08A7 /* Build configuration list for PBXNativeTarget "HappyOrganizedMeUITests" */ = {
			isa = XCConfigurationList;
			buildConfigurations = (
				C5A95DD62C5295CA00BD08A7 /* Debug */,
				C5A95DD72C5295CA00BD08A7 /* Release */,
			);
			defaultConfigurationIsVisible = 0;
			defaultConfigurationName = Release;
		};
/* End XCConfigurationList section */
	};
	rootObject = C5A95DA12C5295C800BD08A7 /* Project object */;
}
